# THIS IS AN AUTOGENERATED FILE. DO NOT EDIT THIS FILE DIRECTLY.
# yarn lockfile v1


"@fortawesome/fontawesome-common-types@6.1.1":
  version "6.1.1"
  resolved "https://registry.yarnpkg.com/@fortawesome/fontawesome-common-types/-/fontawesome-common-types-6.1.1.tgz#7dc996042d21fc1ae850e3173b5c67b0549f9105"
  integrity sha512-wVn5WJPirFTnzN6tR95abCx+ocH+3IFLXAgyavnf9hUmN0CfWoDjPT/BAWsUVwSlYYVBeCLJxaqi7ZGe4uSjBA==

"@fortawesome/fontawesome-svg-core@^6.1.1":
  version "6.1.1"
  resolved "https://registry.yarnpkg.com/@fortawesome/fontawesome-svg-core/-/fontawesome-svg-core-6.1.1.tgz#3424ec6182515951816be9b11665d67efdce5b5f"
  integrity sha512-NCg0w2YIp81f4V6cMGD9iomfsIj7GWrqmsa0ZsPh59G7PKiGN1KymZNxmF00ssuAlo/VZmpK6xazsGOwzKYUMg==
  dependencies:
    "@fortawesome/fontawesome-common-types" "6.1.1"

"@fortawesome/free-regular-svg-icons@^6.1.1":
  version "6.1.1"
  resolved "https://registry.yarnpkg.com/@fortawesome/free-regular-svg-icons/-/free-regular-svg-icons-6.1.1.tgz#3f2f58262a839edf0643cbacee7a8a8230061c98"
  integrity sha512-xXiW7hcpgwmWtndKPOzG+43fPH7ZjxOaoeyooptSztGmJxCAflHZxXNK0GcT0uEsR4jTGQAfGklDZE5NHoBhKg==
  dependencies:
    "@fortawesome/fontawesome-common-types" "6.1.1"

"@fortawesome/free-solid-svg-icons@^6.1.1":
  version "6.1.1"
  resolved "https://registry.yarnpkg.com/@fortawesome/free-solid-svg-icons/-/free-solid-svg-icons-6.1.1.tgz#3369e673f8fe8be2fba30b1ec274d47490a830a6"
  integrity sha512-0/5exxavOhI/D4Ovm2r3vxNojGZioPwmFrKg0ZUH69Q68uFhFPs6+dhAToh6VEQBntxPRYPuT5Cg1tpNa9JUPg==
  dependencies:
    "@fortawesome/fontawesome-common-types" "6.1.1"

"@fortawesome/vue-fontawesome@^2.0.8":
  version "2.0.8"
  resolved "https://registry.yarnpkg.com/@fortawesome/vue-fontawesome/-/vue-fontawesome-2.0.8.tgz#9c9ae1cd2cbe7f4b0c63dd53709c26167d541aa6"
  integrity sha512-SRmP0q9Ox4zq8ydDR/hrH+23TVU1bdwYVnugLVaAIwklOHbf56gx6JUGlwES7zjuNYqzKgl8e39iYf6ph8qSQw==

"@popperjs/core@^2.11.5":
  version "2.11.5"
  resolved "https://registry.yarnpkg.com/@popperjs/core/-/core-2.11.5.tgz#db5a11bf66bdab39569719555b0f76e138d7bd64"
  integrity sha512-9X2obfABZuDVLCgPK9aX0a/x4jaOEweTTWE2+9sr0Qqqevj2Uv5XorvusThmc9XGYpS9yI+fhh8RTafBtGposw==

bootstrap@^5.1.3:
  version "5.1.3"
  resolved "https://registry.yarnpkg.com/bootstrap/-/bootstrap-5.1.3.tgz#ba081b0c130f810fa70900acbc1c6d3c28fa8f34"
  integrity sha512-fcQztozJ8jToQWXxVuEyXWW+dSo8AiXWKwiSSrKWsRB/Qt+Ewwza+JWoLKiTuQLaEPhdNAJ7+Dosc9DOIqNy7Q==
